<?xml version="1.0" encoding="UTF-8"?>
<Solution>
	<Configurations>
		<BuildType Name="Debug"/>
		<BuildType Name="Release"/>
		<BuildType Name="MinSizeRel"/>
		<BuildType Name="RelWithDebInfo"/>
		<Platform Name="x64"/>
	</Configurations>
	<Project Path="ALL_BUILD.vcxproj" Type="8bc9ceb8-8b4a-11d0-8d11-00a0c91bc942" Id="60db317c-5b0f-3e6c-bf8e-deb82e8c093c" DefaultStartup="true">
		<BuildDependency Project="ZERO_CHECK.vcxproj"/>
		<BuildDependency Project="aegis_bridge.vcxproj"/>
		<BuildDependency Project="aegis_bridge_test.vcxproj"/>
		<BuildDependency Project="aegis_ipc.vcxproj"/>
	</Project>
	<Project Path="INSTALL.vcxproj" Type="8bc9ceb8-8b4a-11d0-8d11-00a0c91bc942" Id="32efc0d2-e77b-3c3b-8d1b-adbdb33f1718">
		<BuildDependency Project="ALL_BUILD.vcxproj"/>
		<BuildDependency Project="ZERO_CHECK.vcxproj"/>
		<Build Solution="Debug|*" Project="false"/>
		<Build Solution="Release|*" Project="false"/>
		<Build Solution="MinSizeRel|*" Project="false"/>
		<Build Solution="RelWithDebInfo|*" Project="false"/>
	</Project>
	<Project Path="ZERO_CHECK.vcxproj" Type="8bc9ceb8-8b4a-11d0-8d11-00a0c91bc942" Id="7276c5d2-402b-3c3a-93c8-660c8bf08fe7"/>
	<Project Path="aegis_bridge.vcxproj" Type="8bc9ceb8-8b4a-11d0-8d11-00a0c91bc942" Id="bf901a31-2ef8-3131-98f6-b73f2093a638">
		<BuildDependency Project="ZERO_CHECK.vcxproj"/>
	</Project>
	<Project Path="aegis_bridge_test.vcxproj" Type="8bc9ceb8-8b4a-11d0-8d11-00a0c91bc942" Id="711012f6-a405-33a6-b02b-8fc3bb2967cb">
		<BuildDependency Project="ZERO_CHECK.vcxproj"/>
	</Project>
	<Project Path="aegis_ipc.vcxproj" Type="8bc9ceb8-8b4a-11d0-8d11-00a0c91bc942" Id="77370f09-dad8-32ab-87ae-7a56ca307d47">
		<BuildDependency Project="ZERO_CHECK.vcxproj"/>
	</Project>
</Solution>
